
Microsoft Visual Studio Solution File, Format Version 12.00
# Visual Studio Version 17
VisualStudioVersion = 17.3.32922.545
MinimumVisualStudioVersion = 10.0.40219.1
Project("{9A19103F-16F7-4668-BE54-9A1E7A4F7556}") = "DTO", "DTO\DTO.csproj", "{0AE9FAA5-4540-4710-BD51-CCC95C53E076}"
EndProject
Project("{9A19103F-16F7-4668-BE54-9A1E7A4F7556}") = "DAL", "DAL\DAL.csproj", "{2C945A71-8E9D-4770-9186-4C9399957DC8}"
EndProject
Project("{9A19103F-16F7-4668-BE54-9A1E7A4F7556}") = "BLL", "BLL\BLL.csproj", "{519E77D0-42B1-4023-BA74-B7942DA76197}"
EndProject
Project("{9A19103F-16F7-4668-BE54-9A1E7A4F7556}") = "API USER", "USER_API\API USER.csproj", "{59A73662-95DD-42FD-974B-5353464546B7}"
EndProject
Project("{FAE04EC0-301F-11D3-BF4B-00C04F79EFBC}") = "API ADMIN", "API ADMIN\API ADMIN.csproj", "{CA24166C-10EE-41EE-BFED-EF7874366EFC}"
EndProject
Project("{FAE04EC0-301F-11D3-BF4B-00C04F79EFBC}") = "GATEWAY", "GATEWAY\GATEWAY.csproj", "{7EDDB88C-2477-47CF-BC49-8BF1BF8A0DC4}"
EndProject
Global
	GlobalSection(SolutionConfigurationPlatforms) = preSolution
		Debug|Any CPU = Debug|Any CPU
		Release|Any CPU = Release|Any CPU
	EndGlobalSection
	GlobalSection(ProjectConfigurationPlatforms) = postSolution
		{0AE9FAA5-4540-4710-BD51-CCC95C53E076}.Debug|Any CPU.ActiveCfg = Debug|Any CPU
		{0AE9FAA5-4540-4710-BD51-CCC95C53E076}.Debug|Any CPU.Build.0 = Debug|Any CPU
		{0AE9FAA5-4540-4710-BD51-CCC95C53E076}.Release|Any CPU.ActiveCfg = Release|Any CPU
		{0AE9FAA5-4540-4710-BD51-CCC95C53E076}.Release|Any CPU.Build.0 = Release|Any CPU
		{2C945A71-8E9D-4770-9186-4C9399957DC8}.Debug|Any CPU.ActiveCfg = Debug|Any CPU
		{2C945A71-8E9D-4770-9186-4C9399957DC8}.Debug|Any CPU.Build.0 = Debug|Any CPU
		{2C945A71-8E9D-4770-9186-4C9399957DC8}.Release|Any CPU.ActiveCfg = Release|Any CPU
		{2C945A71-8E9D-4770-9186-4C9399957DC8}.Release|Any CPU.Build.0 = Release|Any CPU
		{519E77D0-42B1-4023-BA74-B7942DA76197}.Debug|Any CPU.ActiveCfg = Debug|Any CPU
		{519E77D0-42B1-4023-BA74-B7942DA76197}.Debug|Any CPU.Build.0 = Debug|Any CPU
		{519E77D0-42B1-4023-BA74-B7942DA76197}.Release|Any CPU.ActiveCfg = Release|Any CPU
		{519E77D0-42B1-4023-BA74-B7942DA76197}.Release|Any CPU.Build.0 = Release|Any CPU
		{59A73662-95DD-42FD-974B-5353464546B7}.Debug|Any CPU.ActiveCfg = Debug|Any CPU
		{59A73662-95DD-42FD-974B-5353464546B7}.Debug|Any CPU.Build.0 = Debug|Any CPU
		{59A73662-95DD-42FD-974B-5353464546B7}.Release|Any CPU.ActiveCfg = Release|Any CPU
		{59A73662-95DD-42FD-974B-5353464546B7}.Release|Any CPU.Build.0 = Release|Any CPU
		{CA24166C-10EE-41EE-BFED-EF7874366EFC}.Debug|Any CPU.ActiveCfg = Debug|Any CPU
		{CA24166C-10EE-41EE-BFED-EF7874366EFC}.Debug|Any CPU.Build.0 = Debug|Any CPU
		{CA24166C-10EE-41EE-BFED-EF7874366EFC}.Release|Any CPU.ActiveCfg = Release|Any CPU
		{CA24166C-10EE-41EE-BFED-EF7874366EFC}.Release|Any CPU.Build.0 = Release|Any CPU
		{7EDDB88C-2477-47CF-BC49-8BF1BF8A0DC4}.Debug|Any CPU.ActiveCfg = Debug|Any CPU
		{7EDDB88C-2477-47CF-BC49-8BF1BF8A0DC4}.Debug|Any CPU.Build.0 = Debug|Any CPU
		{7EDDB88C-2477-47CF-BC49-8BF1BF8A0DC4}.Release|Any CPU.ActiveCfg = Release|Any CPU
		{7EDDB88C-2477-47CF-BC49-8BF1BF8A0DC4}.Release|Any CPU.Build.0 = Release|Any CPU
	EndGlobalSection
	GlobalSection(SolutionProperties) = preSolution
		HideSolutionNode = FALSE
	EndGlobalSection
	GlobalSection(ExtensibilityGlobals) = postSolution
		SolutionGuid = {A05BA7AD-B542-406B-935D-97058CEB0D5C}
	EndGlobalSection
EndGlobal
